#MicroXplorer Configuration settings - do not modify
File.Version=5
KeepUserPlacement=false
Mcu.Family=STM32F0
Mcu.IP0=NVIC
Mcu.IP1=RCC
Mcu.IP2=SYS
Mcu.IPNb=3
Mcu.Name=STM32F030F4Px
Mcu.Package=TSSOP20
Mcu.Pin0=PA5
Mcu.Pin1=PA6
Mcu.Pin2=PA13
Mcu.Pin3=PA14
Mcu.PinsNb=4
Mcu.UserConstants=
Mcu.UserName=STM32F030F4Px
MxCube.Version=4.12.0
MxDb.Version=DB.4.0.120
NVIC.SysTick_IRQn=true\:0\:0\:false
PA13.Mode=Serial-WireDebug
PA13.Signal=SYS_SWDIO
PA14.Mode=Serial-WireDebug
PA14.Signal=SYS_SWCLK
PA5.Locked=true
PA5.Signal=GPIO_Output
PA6.Locked=true
PA6.Signal=GPIO_Output
PCC.Checker=false
PCC.Line=STM32F0x0 Value Line
PCC.MCU=STM32F030F4Px
PCC.MXVersion=4.12.0
PCC.PartNumber=STM32F030F4Px
PCC.Seq0=0
PCC.Series=STM32F0
PCC.Temperature=25
PCC.Vdd=3.6
ProjectManager.AskForMigrate=true
ProjectManager.BackupPrevious=false
ProjectManager.CompilerOptimize=2
ProjectManager.ComputerToolchain=false
ProjectManager.CoupleFile=false
ProjectManager.DeletePrevious=true
ProjectManager.DeviceId=STM32F030F4Px
ProjectManager.FirmwarePackage=STM32Cube FW_F0 V1.4.0
ProjectManager.FreePins=false
ProjectManager.HalAssertFull=false
ProjectManager.KeepUserCode=true
ProjectManager.LastFirmware=true
ProjectManager.LibraryCopy=0
ProjectManager.ProjectBuild=false
ProjectManager.ProjectFileName=F030.ioc
ProjectManager.ProjectName=F030
ProjectManager.TargetToolchain=SW4STM32
ProjectManager.ToolChainLocation=
RCC.AHBFreq_Value=48000000
RCC.APB1Freq_Value=48000000
RCC.APB1TimFreq_Value=48000000
RCC.FCLKCortexFreq_Value=48000000
RCC.FamilyName=M
RCC.HCLKFreq_Value=48000000
RCC.IPParameters=FamilyName,PLLCLKFreq_Value,TimSysFreq_Value,PLLMUL,SYSCLKSource,HCLKFreq_Value,AHBFreq_Value,FCLKCortexFreq_Value,APB1TimFreq_Value,APB1Freq_Value,USART1Freq_Value,SYSCLKFreq_VALUE
RCC.PLLCLKFreq_Value=48000000
RCC.PLLMUL=RCC_PLL_MUL12
RCC.SYSCLKFreq_VALUE=48000000
RCC.SYSCLKSource=RCC_SYSCLKSOURCE_PLLCLK
RCC.TimSysFreq_Value=48000000
RCC.USART1Freq_Value=48000000
board=F030
